
Microsoft Visual Studio Solution File, Format Version 12.00
# Visual Studio Version 17
VisualStudioVersion = 17.8.34322.80
MinimumVisualStudioVersion = 10.0.40219.1
Project("{FAE04EC0-301F-11D3-BF4B-00C04F79EFBC}") = "MoneyApp.Api", "MoneyApp.Api\MoneyApp.Api.csproj", "{199A8A8A-E385-4AB4-8F64-A78251C87415}"
EndProject
Global
	GlobalSection(SolutionConfigurationPlatforms) = preSolution
		Debug|Any CPU = Debug|Any CPU
		Release|Any CPU = Release|Any CPU
	EndGlobalSection
	GlobalSection(ProjectConfigurationPlatforms) = postSolution
		{199A8A8A-E385-4AB4-8F64-A78251C87415}.Debug|Any CPU.ActiveCfg = Debug|Any CPU
		{199A8A8A-E385-4AB4-8F64-A78251C87415}.Debug|Any CPU.Build.0 = Debug|Any CPU
		{199A8A8A-E385-4AB4-8F64-A78251C87415}.Release|Any CPU.ActiveCfg = Release|Any CPU
		{199A8A8A-E385-4AB4-8F64-A78251C87415}.Release|Any CPU.Build.0 = Release|Any CPU
	EndGlobalSection
	GlobalSection(SolutionProperties) = preSolution
		HideSolutionNode = FALSE
	EndGlobalSection
	GlobalSection(ExtensibilityGlobals) = postSolution
		SolutionGuid = {3C89E998-02A9-4D6D-B184-3D160457A6C7}
	EndGlobalSection
EndGlobal
